<?xml version="1.0" encoding="utf-8"?>
<Project ToolsVersion="4.0" xmlns="http://schemas.microsoft.com/developer/msbuild/2003">
  <ItemGroup>
    <Filter Include="Header Files">
      <UniqueIdentifier>{93995380-89BD-4b04-88EB-625FBE52EBFB}</UniqueIdentifier>
      <Extensions>h;hh;hpp;hxx;h++;hm;inl;inc;ipp;xsd</Extensions>
    </Filter>
    <Filter Include="Engine">
      <UniqueIdentifier>{532b2b3f-bf39-42c6-84eb-aaaee69928a4}</UniqueIdentifier>
    </Filter>
    <Filter Include="Engine\Renderer">
      <UniqueIdentifier>{5c418248-6cfe-4611-b643-0791e91b8047}</UniqueIdentifier>
    </Filter>
    <Filter Include="Engine\GameObject">
      <UniqueIdentifier>{a70c97a4-d167-4cd7-abdd-a1cbe2111c77}</UniqueIdentifier>
    </Filter>
    <Filter Include="Engine\GameObject\Components">
      <UniqueIdentifier>{70f3ab7a-1a4b-4733-8cc1-a3824d604ca1}</UniqueIdentifier>
    </Filter>
    <Filter Include="Engine\GameObjectManagement">
      <UniqueIdentifier>{a50529ba-0e49-4123-a641-00e2d101c128}</UniqueIdentifier>
    </Filter>
    <Filter Include="Engine\Misc_Systems">
      <UniqueIdentifier>{8c443368-b08e-42eb-966e-cd416c4bab79}</UniqueIdentifier>
    </Filter>
    <Filter Include="Engine\Engine_Core">
      <UniqueIdentifier>{38fcf0e9-281c-45ba-8e13-35abc481079f}</UniqueIdentifier>
    </Filter>
    <Filter Include="Client_Assets">
      <UniqueIdentifier>{4FC737F1-C7A5-4376-A066-2A32D752A2FF}</UniqueIdentifier>
      <Extensions>cpp;c;cc;cxx;c++;cppm;ixx;def;odl;idl;hpj;bat;asm;asmx</Extensions>
    </Filter>
    <Filter Include="Client_Assets\GameObjects">
      <UniqueIdentifier>{c35c1c32-fa06-47c9-aaf3-0b644c6fd24c}</UniqueIdentifier>
    </Filter>
    <Filter Include="Engine\Renderer\Shaders">
      <UniqueIdentifier>{fbb17fc3-1d1d-40e7-a603-622d667ef66c}</UniqueIdentifier>
    </Filter>
  </ItemGroup>
  <ItemGroup>
    <None Include="Source\Engine\Renderer\Shaders\defaultFragment.glsl">
      <Filter>Engine\Renderer\Shaders</Filter>
    </None>
    <None Include="Source\Engine\Renderer\Shaders\defaultVertex.glsl">
      <Filter>Engine\Renderer\Shaders</Filter>
    </None>
  </ItemGroup>
  <ItemGroup>
    <ClInclude Include="Source\Client_Assets\testObject.h">
      <Filter>Client_Assets\GameObjects</Filter>
    </ClInclude>
    <ClInclude Include="Source\Engine\Engine_Core\InputManager.h">
      <Filter>Engine\Engine_Core</Filter>
    </ClInclude>
    <ClInclude Include="Source\Engine\Engine_Core\Systems.h">
      <Filter>Engine\Engine_Core</Filter>
    </ClInclude>
    <ClInclude Include="Source\Engine\GameObject\GameObject.h">
      <Filter>Engine\GameObject</Filter>
    </ClInclude>
    <ClInclude Include="Source\Engine\GameObject\Components\Component.h">
      <Filter>Engine\GameObject\Components</Filter>
    </ClInclude>
    <ClInclude Include="Source\Engine\GameObject\Components\Mesh.h">
      <Filter>Engine\GameObject\Components</Filter>
    </ClInclude>
    <ClInclude Include="Source\Engine\GameObject\Components\Transform.h">
      <Filter>Engine\GameObject\Components</Filter>
    </ClInclude>
    <ClInclude Include="Source\Engine\GameObjectManagement\GameObjectManager.h">
      <Filter>Engine\GameObjectManagement</Filter>
    </ClInclude>
    <ClInclude Include="Source\Engine\Misc_Systems\FileLoader.h">
      <Filter>Engine\Misc_Systems</Filter>
    </ClInclude>
    <ClInclude Include="Source\Engine\Renderer\Camera.h">
      <Filter>Engine\Renderer</Filter>
    </ClInclude>
    <ClInclude Include="Source\Engine\Renderer\Renderer.h">
      <Filter>Engine\Renderer</Filter>
    </ClInclude>
    <ClInclude Include="Source\Engine\Renderer\ShaderWrapper.h">
      <Filter>Engine\Renderer</Filter>
    </ClInclude>
    <ClInclude Include="Source\Engine\Renderer\SurfaceImage.h">
      <Filter>Engine\Renderer</Filter>
    </ClInclude>
    <ClInclude Include="Source\Engine\Renderer\BufferManagement.h">
      <Filter>Engine\Renderer</Filter>
    </ClInclude>
  </ItemGroup>
  <ItemGroup>
    <ClCompile Include="Source\Engine\Engine_Core\Application.cpp">
      <Filter>Engine\Engine_Core</Filter>
    </ClCompile>
    <ClCompile Include="Source\Engine\Engine_Core\Systems.cpp">
      <Filter>Engine\Engine_Core</Filter>
    </ClCompile>
    <ClCompile Include="Source\Engine\Misc_Systems\stb_Image.cpp">
      <Filter>Engine\Misc_Systems</Filter>
    </ClCompile>
    <ClCompile Include="Source\Engine\Renderer\Renderer.cpp">
      <Filter>Engine\Renderer</Filter>
    </ClCompile>
    <ClCompile Include="Source\Engine\Renderer\SurfaceImage.cpp">
      <Filter>Engine\Renderer</Filter>
    </ClCompile>
    <ClCompile Include="Mesh.cpp">
      <Filter>Engine\GameObject\Components</Filter>
    </ClCompile>
    <ClCompile Include="BufferManagement.cpp">
      <Filter>Engine\Renderer</Filter>
    </ClCompile>
    <ClCompile Include="Source\Engine\GameObject\Components\Component.cpp">
      <Filter>Engine\GameObject\Components</Filter>
    </ClCompile>
  </ItemGroup>
</Project>